
Microsoft Visual Studio Solution File, Format Version 12.00
# Visual Studio 14
VisualStudioVersion = 14.0.25420.1
MinimumVisualStudioVersion = 10.0.40219.1
Project("{FAE04EC0-301F-11D3-BF4B-00C04F79EFBC}") = "1_pc7_tp5", "1_pc7_tp5\1_pc7_tp5.csproj", "{92B35AFC-FF4A-4A8F-8727-F2997F49985E}"
EndProject
Global
	GlobalSection(SolutionConfigurationPlatforms) = preSolution
		Debug|Any CPU = Debug|Any CPU
		Release|Any CPU = Release|Any CPU
	EndGlobalSection
	GlobalSection(ProjectConfigurationPlatforms) = postSolution
		{92B35AFC-FF4A-4A8F-8727-F2997F49985E}.Debug|Any CPU.ActiveCfg = Debug|Any CPU
		{92B35AFC-FF4A-4A8F-8727-F2997F49985E}.Debug|Any CPU.Build.0 = Debug|Any CPU
		{92B35AFC-FF4A-4A8F-8727-F2997F49985E}.Release|Any CPU.ActiveCfg = Release|Any CPU
		{92B35AFC-FF4A-4A8F-8727-F2997F49985E}.Release|Any CPU.Build.0 = Release|Any CPU
	EndGlobalSection
	GlobalSection(SolutionProperties) = preSolution
		HideSolutionNode = FALSE
	EndGlobalSection
EndGlobal
